// !$*UTF8*$!
{
	archiveVersion = 1;
	classes = {
	};
	objectVersion = 46;
	objects = {

/* Begin PBXBuildFile section */
		8E1B02D7171D0C2400FE7A44 /* WGTRecipientTableViewController.m in Sources */ = {isa = PBXBuildFile; fileRef = 8E1B02D6171D0C2400FE7A44 /* WGTRecipientTableViewController.m */; };
		8E1B02DA171D0CBE00FE7A44 /* WGTMapViewController.m in Sources */ = {isa = PBXBuildFile; fileRef = 8E1B02D9171D0CBE00FE7A44 /* WGTMapViewController.m */; };
		8E8DFC111715067B00CA85E4 /* UIKit.framework in Frameworks */ = {isa = PBXBuildFile; fileRef = 8E8DFC101715067B00CA85E4 /* UIKit.framework */; };
		8E8DFC131715067B00CA85E4 /* Foundation.framework in Frameworks */ = {isa = PBXBuildFile; fileRef = 8E8DFC121715067B00CA85E4 /* Foundation.framework */; };
		8E8DFC171715067B00CA85E4 /* CoreData.framework in Frameworks */ = {isa = PBXBuildFile; fileRef = 8E8DFC161715067B00CA85E4 /* CoreData.framework */; };
		8E8DFC1D1715067B00CA85E4 /* InfoPlist.strings in Resources */ = {isa = PBXBuildFile; fileRef = 8E8DFC1B1715067B00CA85E4 /* InfoPlist.strings */; };
		8E8DFC1F1715067B00CA85E4 /* main.m in Sources */ = {isa = PBXBuildFile; fileRef = 8E8DFC1E1715067B00CA85E4 /* main.m */; };
		8E8DFC231715067B00CA85E4 /* WGTAppDelegate.m in Sources */ = {isa = PBXBuildFile; fileRef = 8E8DFC221715067B00CA85E4 /* WGTAppDelegate.m */; };
		8E8DFC251715067B00CA85E4 /* Default.png in Resources */ = {isa = PBXBuildFile; fileRef = 8E8DFC241715067B00CA85E4 /* Default.png */; };
		8E8DFC271715067B00CA85E4 /* Default@2x.png in Resources */ = {isa = PBXBuildFile; fileRef = 8E8DFC261715067B00CA85E4 /* Default@2x.png */; };
		8E8DFC291715067B00CA85E4 /* Default-568h@2x.png in Resources */ = {isa = PBXBuildFile; fileRef = 8E8DFC281715067B00CA85E4 /* Default-568h@2x.png */; };
		8E8DFC2C1715067B00CA85E4 /* MainStoryboard.storyboard in Resources */ = {isa = PBXBuildFile; fileRef = 8E8DFC2A1715067B00CA85E4 /* MainStoryboard.storyboard */; };
		8E8DFC2F1715067B00CA85E4 /* WhoGoesThere.xcdatamodeld in Sources */ = {isa = PBXBuildFile; fileRef = 8E8DFC2D1715067B00CA85E4 /* WhoGoesThere.xcdatamodeld */; };
		8E8DFC3D1715072300CA85E4 /* WGTTableViewController.m in Sources */ = {isa = PBXBuildFile; fileRef = 8E8DFC3C1715072300CA85E4 /* WGTTableViewController.m */; };
		8EA181501715D1DF00AB48C4 /* MapKit.framework in Frameworks */ = {isa = PBXBuildFile; fileRef = 8EA1814F1715D1DF00AB48C4 /* MapKit.framework */; };
		8EA181521715D1E600AB48C4 /* CoreLocation.framework in Frameworks */ = {isa = PBXBuildFile; fileRef = 8EA181511715D1E600AB48C4 /* CoreLocation.framework */; };
		8EA181551715D86100AB48C4 /* CyclicMutableArray.m in Sources */ = {isa = PBXBuildFile; fileRef = 8EA181541715D86000AB48C4 /* CyclicMutableArray.m */; };
		8EFCA7DB171DADFD0006C919 /* FacebookSDK.framework in Frameworks */ = {isa = PBXBuildFile; fileRef = 8EFCA7DA171DADFD0006C919 /* FacebookSDK.framework */; };
		8EFCA7DE171DAF590006C919 /* FacebookSDKResources.bundle in Resources */ = {isa = PBXBuildFile; fileRef = 8EFCA7DC171DAF540006C919 /* FacebookSDKResources.bundle */; };
		8EFCA7DF171DAF590006C919 /* FBUserSettingsViewResources.bundle in Resources */ = {isa = PBXBuildFile; fileRef = 8EFCA7DD171DAF580006C919 /* FBUserSettingsViewResources.bundle */; };
		8EFCA7E1171DAFEA0006C919 /* AdSupport.framework in Frameworks */ = {isa = PBXBuildFile; fileRef = 8EFCA7E0171DAFEA0006C919 /* AdSupport.framework */; };
		8EFCA7E3171DAFFA0006C919 /* Accounts.framework in Frameworks */ = {isa = PBXBuildFile; fileRef = 8EFCA7E2171DAFFA0006C919 /* Accounts.framework */; };
		8EFCA7E5171DB0020006C919 /* Social.framework in Frameworks */ = {isa = PBXBuildFile; fileRef = 8EFCA7E4171DB0020006C919 /* Social.framework */; };
		8EFCA7E8171DB6A10006C919 /* WGTLoginViewController.m in Sources */ = {isa = PBXBuildFile; fileRef = 8EFCA7E7171DB6A10006C919 /* WGTLoginViewController.m */; };
		8EFDC3DC171DEEB0007F7C66 /* CoreGraphics.framework in Frameworks */ = {isa = PBXBuildFile; fileRef = 8EFDC3DB171DEEB0007F7C66 /* CoreGraphics.framework */; };
/* End PBXBuildFile section */

/* Begin PBXFileReference section */
		8E1B02D5171D0C2400FE7A44 /* WGTRecipientTableViewController.h */ = {isa = PBXFileReference; fileEncoding = 4; lastKnownFileType = sourcecode.c.h; path = WGTRecipientTableViewController.h; sourceTree = "<group>"; };
		8E1B02D6171D0C2400FE7A44 /* WGTRecipientTableViewController.m */ = {isa = PBXFileReference; fileEncoding = 4; lastKnownFileType = sourcecode.c.objc; path = WGTRecipientTableViewController.m; sourceTree = "<group>"; };
		8E1B02D8171D0CBE00FE7A44 /* WGTMapViewController.h */ = {isa = PBXFileReference; fileEncoding = 4; lastKnownFileType = sourcecode.c.h; path = WGTMapViewController.h; sourceTree = "<group>"; };
		8E1B02D9171D0CBE00FE7A44 /* WGTMapViewController.m */ = {isa = PBXFileReference; fileEncoding = 4; lastKnownFileType = sourcecode.c.objc; path = WGTMapViewController.m; sourceTree = "<group>"; };
		8E8DFC0D1715067B00CA85E4 /* WhoGoesThere.app */ = {isa = PBXFileReference; explicitFileType = wrapper.application; includeInIndex = 0; path = WhoGoesThere.app; sourceTree = BUILT_PRODUCTS_DIR; };
		8E8DFC101715067B00CA85E4 /* UIKit.framework */ = {isa = PBXFileReference; lastKnownFileType = wrapper.framework; name = UIKit.framework; path = System/Library/Frameworks/UIKit.framework; sourceTree = SDKROOT; };
		8E8DFC121715067B00CA85E4 /* Foundation.framework */ = {isa = PBXFileReference; lastKnownFileType = wrapper.framework; name = Foundation.framework; path = System/Library/Frameworks/Foundation.framework; sourceTree = SDKROOT; };
		8E8DFC161715067B00CA85E4 /* CoreData.framework */ = {isa = PBXFileReference; lastKnownFileType = wrapper.framework; name = CoreData.framework; path = System/Library/Frameworks/CoreData.framework; sourceTree = SDKROOT; };
		8E8DFC1A1715067B00CA85E4 /* WhoGoesThere-Info.plist */ = {isa = PBXFileReference; lastKnownFileType = text.plist.xml; path = "WhoGoesThere-Info.plist"; sourceTree = "<group>"; };
		8E8DFC1C1715067B00CA85E4 /* en */ = {isa = PBXFileReference; lastKnownFileType = text.plist.strings; name = en; path = en.lproj/InfoPlist.strings; sourceTree = "<group>"; };
		8E8DFC1E1715067B00CA85E4 /* main.m */ = {isa = PBXFileReference; lastKnownFileType = sourcecode.c.objc; path = main.m; sourceTree = "<group>"; };
		8E8DFC201715067B00CA85E4 /* WhoGoesThere-Prefix.pch */ = {isa = PBXFileReference; lastKnownFileType = sourcecode.c.h; path = "WhoGoesThere-Prefix.pch"; sourceTree = "<group>"; };
		8E8DFC211715067B00CA85E4 /* WGTAppDelegate.h */ = {isa = PBXFileReference; lastKnownFileType = sourcecode.c.h; path = WGTAppDelegate.h; sourceTree = "<group>"; };
		8E8DFC221715067B00CA85E4 /* WGTAppDelegate.m */ = {isa = PBXFileReference; lastKnownFileType = sourcecode.c.objc; path = WGTAppDelegate.m; sourceTree = "<group>"; };
		8E8DFC241715067B00CA85E4 /* Default.png */ = {isa = PBXFileReference; lastKnownFileType = image.png; path = Default.png; sourceTree = "<group>"; };
		8E8DFC261715067B00CA85E4 /* Default@2x.png */ = {isa = PBXFileReference; lastKnownFileType = image.png; path = "Default@2x.png"; sourceTree = "<group>"; };
		8E8DFC281715067B00CA85E4 /* Default-568h@2x.png */ = {isa = PBXFileReference; lastKnownFileType = image.png; path = "Default-568h@2x.png"; sourceTree = "<group>"; };
		8E8DFC2B1715067B00CA85E4 /* en */ = {isa = PBXFileReference; lastKnownFileType = file.storyboard; name = en; path = en.lproj/MainStoryboard.storyboard; sourceTree = "<group>"; };
		8E8DFC2E1715067B00CA85E4 /* WhoGoesThere.xcdatamodel */ = {isa = PBXFileReference; lastKnownFileType = wrapper.xcdatamodel; path = WhoGoesThere.xcdatamodel; sourceTree = "<group>"; };
		8E8DFC3B1715072300CA85E4 /* WGTTableViewController.h */ = {isa = PBXFileReference; fileEncoding = 4; lastKnownFileType = sourcecode.c.h; path = WGTTableViewController.h; sourceTree = "<group>"; };
		8E8DFC3C1715072300CA85E4 /* WGTTableViewController.m */ = {isa = PBXFileReference; fileEncoding = 4; lastKnownFileType = sourcecode.c.objc; path = WGTTableViewController.m; sourceTree = "<group>"; };
		8EA1814F1715D1DF00AB48C4 /* MapKit.framework */ = {isa = PBXFileReference; lastKnownFileType = wrapper.framework; name = MapKit.framework; path = System/Library/Frameworks/MapKit.framework; sourceTree = SDKROOT; };
		8EA181511715D1E600AB48C4 /* CoreLocation.framework */ = {isa = PBXFileReference; lastKnownFileType = wrapper.framework; name = CoreLocation.framework; path = System/Library/Frameworks/CoreLocation.framework; sourceTree = SDKROOT; };
		8EA181531715D86000AB48C4 /* CyclicMutableArray.h */ = {isa = PBXFileReference; fileEncoding = 4; lastKnownFileType = sourcecode.c.h; path = CyclicMutableArray.h; sourceTree = "<group>"; };
		8EA181541715D86000AB48C4 /* CyclicMutableArray.m */ = {isa = PBXFileReference; fileEncoding = 4; lastKnownFileType = sourcecode.c.objc; path = CyclicMutableArray.m; sourceTree = "<group>"; };
		8EFCA7DA171DADFD0006C919 /* FacebookSDK.framework */ = {isa = PBXFileReference; lastKnownFileType = wrapper.framework; name = FacebookSDK.framework; path = FacebookSDK/FacebookSDK.framework; sourceTree = "<group>"; };
		8EFCA7DC171DAF540006C919 /* FacebookSDKResources.bundle */ = {isa = PBXFileReference; lastKnownFileType = "wrapper.plug-in"; name = FacebookSDKResources.bundle; path = FacebookSDK/FacebookSDK.framework/Versions/A/Resources/FacebookSDKResources.bundle; sourceTree = "<group>"; };
		8EFCA7DD171DAF580006C919 /* FBUserSettingsViewResources.bundle */ = {isa = PBXFileReference; lastKnownFileType = "wrapper.plug-in"; name = FBUserSettingsViewResources.bundle; path = FacebookSDK/FacebookSDK.framework/Versions/A/Resources/FBUserSettingsViewResources.bundle; sourceTree = "<group>"; };
		8EFCA7E0171DAFEA0006C919 /* AdSupport.framework */ = {isa = PBXFileReference; lastKnownFileType = wrapper.framework; name = AdSupport.framework; path = System/Library/Frameworks/AdSupport.framework; sourceTree = SDKROOT; };
		8EFCA7E2171DAFFA0006C919 /* Accounts.framework */ = {isa = PBXFileReference; lastKnownFileType = wrapper.framework; name = Accounts.framework; path = System/Library/Frameworks/Accounts.framework; sourceTree = SDKROOT; };
		8EFCA7E4171DB0020006C919 /* Social.framework */ = {isa = PBXFileReference; lastKnownFileType = wrapper.framework; name = Social.framework; path = System/Library/Frameworks/Social.framework; sourceTree = SDKROOT; };
		8EFCA7E6171DB6A00006C919 /* WGTLoginViewController.h */ = {isa = PBXFileReference; fileEncoding = 4; lastKnownFileType = sourcecode.c.h; path = WGTLoginViewController.h; sourceTree = "<group>"; };
		8EFCA7E7171DB6A10006C919 /* WGTLoginViewController.m */ = {isa = PBXFileReference; fileEncoding = 4; lastKnownFileType = sourcecode.c.objc; path = WGTLoginViewController.m; sourceTree = "<group>"; };
		8EFDC3DB171DEEB0007F7C66 /* CoreGraphics.framework */ = {isa = PBXFileReference; lastKnownFileType = wrapper.framework; name = CoreGraphics.framework; path = System/Library/Frameworks/CoreGraphics.framework; sourceTree = SDKROOT; };
/* End PBXFileReference section */

/* Begin PBXFrameworksBuildPhase section */
		8E8DFC0A1715067B00CA85E4 /* Frameworks */ = {
			isa = PBXFrameworksBuildPhase;
			buildActionMask = 2147483647;
			files = (
				8EFDC3DC171DEEB0007F7C66 /* CoreGraphics.framework in Frameworks */,
				8EFCA7E5171DB0020006C919 /* Social.framework in Frameworks */,
				8EFCA7E3171DAFFA0006C919 /* Accounts.framework in Frameworks */,
				8EFCA7E1171DAFEA0006C919 /* AdSupport.framework in Frameworks */,
				8EA181521715D1E600AB48C4 /* CoreLocation.framework in Frameworks */,
				8EA181501715D1DF00AB48C4 /* MapKit.framework in Frameworks */,
				8E8DFC111715067B00CA85E4 /* UIKit.framework in Frameworks */,
				8E8DFC131715067B00CA85E4 /* Foundation.framework in Frameworks */,
				8E8DFC171715067B00CA85E4 /* CoreData.framework in Frameworks */,
				8EFCA7DB171DADFD0006C919 /* FacebookSDK.framework in Frameworks */,
			);
			runOnlyForDeploymentPostprocessing = 0;
		};
/* End PBXFrameworksBuildPhase section */

/* Begin PBXGroup section */
		8E8DFC041715067B00CA85E4 = {
			isa = PBXGroup;
			children = (
				8E8DFC181715067B00CA85E4 /* WhoGoesThere */,
				8E8DFC0F1715067B00CA85E4 /* Frameworks */,
				8E8DFC0E1715067B00CA85E4 /* Products */,
			);
			sourceTree = "<group>";
		};
		8E8DFC0E1715067B00CA85E4 /* Products */ = {
			isa = PBXGroup;
			children = (
				8E8DFC0D1715067B00CA85E4 /* WhoGoesThere.app */,
			);
			name = Products;
			sourceTree = "<group>";
		};
		8E8DFC0F1715067B00CA85E4 /* Frameworks */ = {
			isa = PBXGroup;
			children = (
				8EFCA7DC171DAF540006C919 /* FacebookSDKResources.bundle */,
				8EFCA7DD171DAF580006C919 /* FBUserSettingsViewResources.bundle */,
				8EFCA7DA171DADFD0006C919 /* FacebookSDK.framework */,
				8EFCA7E4171DB0020006C919 /* Social.framework */,
				8EFCA7E2171DAFFA0006C919 /* Accounts.framework */,
				8EFCA7E0171DAFEA0006C919 /* AdSupport.framework */,
				8E8DFC101715067B00CA85E4 /* UIKit.framework */,
				8E8DFC121715067B00CA85E4 /* Foundation.framework */,
				8E8DFC161715067B00CA85E4 /* CoreData.framework */,
				8EFDC3DB171DEEB0007F7C66 /* CoreGraphics.framework */,
				8EA181511715D1E600AB48C4 /* CoreLocation.framework */,
				8EA1814F1715D1DF00AB48C4 /* MapKit.framework */,
			);
			name = Frameworks;
			sourceTree = "<group>";
		};
		8E8DFC181715067B00CA85E4 /* WhoGoesThere */ = {
			isa = PBXGroup;
			children = (
				8E8DFC211715067B00CA85E4 /* WGTAppDelegate.h */,
				8E8DFC221715067B00CA85E4 /* WGTAppDelegate.m */,
				8EFCA7E6171DB6A00006C919 /* WGTLoginViewController.h */,
				8EFCA7E7171DB6A10006C919 /* WGTLoginViewController.m */,
				8E8DFC3B1715072300CA85E4 /* WGTTableViewController.h */,
				8E8DFC3C1715072300CA85E4 /* WGTTableViewController.m */,
				8E1B02D8171D0CBE00FE7A44 /* WGTMapViewController.h */,
				8E1B02D9171D0CBE00FE7A44 /* WGTMapViewController.m */,
				8E1B02D5171D0C2400FE7A44 /* WGTRecipientTableViewController.h */,
				8E1B02D6171D0C2400FE7A44 /* WGTRecipientTableViewController.m */,
				8EA181531715D86000AB48C4 /* CyclicMutableArray.h */,
				8EA181541715D86000AB48C4 /* CyclicMutableArray.m */,
				8E8DFC2A1715067B00CA85E4 /* MainStoryboard.storyboard */,
				8E8DFC2D1715067B00CA85E4 /* WhoGoesThere.xcdatamodeld */,
				8E8DFC191715067B00CA85E4 /* Supporting Files */,
			);
			path = WhoGoesThere;
			sourceTree = "<group>";
		};
		8E8DFC191715067B00CA85E4 /* Supporting Files */ = {
			isa = PBXGroup;
			children = (
				8E8DFC1A1715067B00CA85E4 /* WhoGoesThere-Info.plist */,
				8E8DFC1B1715067B00CA85E4 /* InfoPlist.strings */,
				8E8DFC1E1715067B00CA85E4 /* main.m */,
				8E8DFC201715067B00CA85E4 /* WhoGoesThere-Prefix.pch */,
				8E8DFC241715067B00CA85E4 /* Default.png */,
				8E8DFC261715067B00CA85E4 /* Default@2x.png */,
				8E8DFC281715067B00CA85E4 /* Default-568h@2x.png */,
			);
			name = "Supporting Files";
			sourceTree = "<group>";
		};
/* End PBXGroup section */

/* Begin PBXNativeTarget section */
		8E8DFC0C1715067B00CA85E4 /* WhoGoesThere */ = {
			isa = PBXNativeTarget;
			buildConfigurationList = 8E8DFC381715067B00CA85E4 /* Build configuration list for PBXNativeTarget "WhoGoesThere" */;
			buildPhases = (
				8E8DFC091715067B00CA85E4 /* Sources */,
				8E8DFC0A1715067B00CA85E4 /* Frameworks */,
				8E8DFC0B1715067B00CA85E4 /* Resources */,
			);
			buildRules = (
			);
			dependencies = (
			);
			name = WhoGoesThere;
			productName = WhoGoesThere;
			productReference = 8E8DFC0D1715067B00CA85E4 /* WhoGoesThere.app */;
			productType = "com.apple.product-type.application";
		};
/* End PBXNativeTarget section */

/* Begin PBXProject section */
		8E8DFC051715067B00CA85E4 /* Project object */ = {
			isa = PBXProject;
			attributes = {
				CLASSPREFIX = WGT;
				LastUpgradeCheck = 0460;
				ORGANIZATIONNAME = "Dan Reife";
			};
			buildConfigurationList = 8E8DFC081715067B00CA85E4 /* Build configuration list for PBXProject "WhoGoesThere" */;
			compatibilityVersion = "Xcode 3.2";
			developmentRegion = English;
			hasScannedForEncodings = 0;
			knownRegions = (
				en,
			);
			mainGroup = 8E8DFC041715067B00CA85E4;
			productRefGroup = 8E8DFC0E1715067B00CA85E4 /* Products */;
			projectDirPath = "";
			projectRoot = "";
			targets = (
				8E8DFC0C1715067B00CA85E4 /* WhoGoesThere */,
			);
		};
/* End PBXProject section */

/* Begin PBXResourcesBuildPhase section */
		8E8DFC0B1715067B00CA85E4 /* Resources */ = {
			isa = PBXResourcesBuildPhase;
			buildActionMask = 2147483647;
			files = (
				8E8DFC1D1715067B00CA85E4 /* InfoPlist.strings in Resources */,
				8E8DFC251715067B00CA85E4 /* Default.png in Resources */,
				8E8DFC271715067B00CA85E4 /* Default@2x.png in Resources */,
				8E8DFC291715067B00CA85E4 /* Default-568h@2x.png in Resources */,
				8E8DFC2C1715067B00CA85E4 /* MainStoryboard.storyboard in Resources */,
				8EFCA7DE171DAF590006C919 /* FacebookSDKResources.bundle in Resources */,
				8EFCA7DF171DAF590006C919 /* FBUserSettingsViewResources.bundle in Resources */,
			);
			runOnlyForDeploymentPostprocessing = 0;
		};
/* End PBXResourcesBuildPhase section */

/* Begin PBXSourcesBuildPhase section */
		8E8DFC091715067B00CA85E4 /* Sources */ = {
			isa = PBXSourcesBuildPhase;
			buildActionMask = 2147483647;
			files = (
				8E8DFC1F1715067B00CA85E4 /* main.m in Sources */,
				8E8DFC231715067B00CA85E4 /* WGTAppDelegate.m in Sources */,
				8E8DFC2F1715067B00CA85E4 /* WhoGoesThere.xcdatamodeld in Sources */,
				8E8DFC3D1715072300CA85E4 /* WGTTableViewController.m in Sources */,
				8EA181551715D86100AB48C4 /* CyclicMutableArray.m in Sources */,
				8E1B02D7171D0C2400FE7A44 /* WGTRecipientTableViewController.m in Sources */,
				8E1B02DA171D0CBE00FE7A44 /* WGTMapViewController.m in Sources */,
				8EFCA7E8171DB6A10006C919 /* WGTLoginViewController.m in Sources */,
			);
			runOnlyForDeploymentPostprocessing = 0;
		};
/* End PBXSourcesBuildPhase section */

/* Begin PBXVariantGroup section */
		8E8DFC1B1715067B00CA85E4 /* InfoPlist.strings */ = {
			isa = PBXVariantGroup;
			children = (
				8E8DFC1C1715067B00CA85E4 /* en */,
			);
			name = InfoPlist.strings;
			sourceTree = "<group>";
		};
		8E8DFC2A1715067B00CA85E4 /* MainStoryboard.storyboard */ = {
			isa = PBXVariantGroup;
			children = (
				8E8DFC2B1715067B00CA85E4 /* en */,
			);
			name = MainStoryboard.storyboard;
			sourceTree = "<group>";
		};
/* End PBXVariantGroup section */

/* Begin XCBuildConfiguration section */
		8E8DFC361715067B00CA85E4 /* Debug */ = {
			isa = XCBuildConfiguration;
			buildSettings = {
				ALWAYS_SEARCH_USER_PATHS = NO;
				CLANG_CXX_LANGUAGE_STANDARD = "gnu++0x";
				CLANG_CXX_LIBRARY = "libc++";
				CLANG_ENABLE_OBJC_ARC = YES;
				CLANG_WARN_CONSTANT_CONVERSION = YES;
				CLANG_WARN_EMPTY_BODY = YES;
				CLANG_WARN_ENUM_CONVERSION = YES;
				CLANG_WARN_INT_CONVERSION = YES;
				CLANG_WARN__DUPLICATE_METHOD_MATCH = YES;
				"CODE_SIGN_IDENTITY[sdk=iphoneos*]" = "iPhone Developer";
				COPY_PHASE_STRIP = NO;
				GCC_C_LANGUAGE_STANDARD = gnu99;
				GCC_DYNAMIC_NO_PIC = NO;
				GCC_OPTIMIZATION_LEVEL = 0;
				GCC_PREPROCESSOR_DEFINITIONS = (
					"DEBUG=1",
					"$(inherited)",
				);
				GCC_SYMBOLS_PRIVATE_EXTERN = NO;
				GCC_WARN_ABOUT_RETURN_TYPE = YES;
				GCC_WARN_UNINITIALIZED_AUTOS = YES;
				GCC_WARN_UNUSED_VARIABLE = YES;
				IPHONEOS_DEPLOYMENT_TARGET = 6.1;
				ONLY_ACTIVE_ARCH = YES;
				SDKROOT = iphoneos;
			};
			name = Debug;
		};
		8E8DFC371715067B00CA85E4 /* Release */ = {
			isa = XCBuildConfiguration;
			buildSettings = {
				ALWAYS_SEARCH_USER_PATHS = NO;
				CLANG_CXX_LANGUAGE_STANDARD = "gnu++0x";
				CLANG_CXX_LIBRARY = "libc++";
				CLANG_ENABLE_OBJC_ARC = YES;
				CLANG_WARN_CONSTANT_CONVERSION = YES;
				CLANG_WARN_EMPTY_BODY = YES;
				CLANG_WARN_ENUM_CONVERSION = YES;
				CLANG_WARN_INT_CONVERSION = YES;
				CLANG_WARN__DUPLICATE_METHOD_MATCH = YES;
				"CODE_SIGN_IDENTITY[sdk=iphoneos*]" = "iPhone Developer";
				COPY_PHASE_STRIP = YES;
				GCC_C_LANGUAGE_STANDARD = gnu99;
				GCC_WARN_ABOUT_RETURN_TYPE = YES;
				GCC_WARN_UNINITIALIZED_AUTOS = YES;
				GCC_WARN_UNUSED_VARIABLE = YES;
				IPHONEOS_DEPLOYMENT_TARGET = 6.1;
				OTHER_CFLAGS = "-DNS_BLOCK_ASSERTIONS=1";
				SDKROOT = iphoneos;
				VALIDATE_PRODUCT = YES;
			};
			name = Release;
		};
		8E8DFC391715067B00CA85E4 /* Debug */ = {
			isa = XCBuildConfiguration;
			buildSettings = {
				FRAMEWORK_SEARCH_PATHS = (
					"$(inherited)",
					"\"$(SRCROOT)/FacebookSDK\"",
				);
				GCC_PRECOMPILE_PREFIX_HEADER = YES;
				GCC_PREFIX_HEADER = "WhoGoesThere/WhoGoesThere-Prefix.pch";
				INFOPLIST_FILE = "WhoGoesThere/WhoGoesThere-Info.plist";
				OTHER_LDFLAGS = (
					"-lsqlite3.0",
					"-ObjC",
				);
				PRODUCT_NAME = "$(TARGET_NAME)";
				WRAPPER_EXTENSION = app;
			};
			name = Debug;
		};
		8E8DFC3A1715067B00CA85E4 /* Release */ = {
			isa = XCBuildConfiguration;
			buildSettings = {
				FRAMEWORK_SEARCH_PATHS = (
					"$(inherited)",
					"\"$(SRCROOT)/FacebookSDK\"",
				);
				GCC_PRECOMPILE_PREFIX_HEADER = YES;
				GCC_PREFIX_HEADER = "WhoGoesThere/WhoGoesThere-Prefix.pch";
				INFOPLIST_FILE = "WhoGoesThere/WhoGoesThere-Info.plist";
				OTHER_LDFLAGS = (
					"-lsqlite3.0",
					"-ObjC",
				);
				PRODUCT_NAME = "$(TARGET_NAME)";
				WRAPPER_EXTENSION = app;
			};
			name = Release;
		};
/* End XCBuildConfiguration section */

/* Begin XCConfigurationList section */
		8E8DFC081715067B00CA85E4 /* Build configuration list for PBXProject "WhoGoesThere" */ = {
			isa = XCConfigurationList;
			buildConfigurations = (
				8E8DFC361715067B00CA85E4 /* Debug */,
				8E8DFC371715067B00CA85E4 /* Release */,
			);
			defaultConfigurationIsVisible = 0;
			defaultConfigurationName = Release;
		};
		8E8DFC381715067B00CA85E4 /* Build configuration list for PBXNativeTarget "WhoGoesThere" */ = {
			isa = XCConfigurationList;
			buildConfigurations = (
				8E8DFC391715067B00CA85E4 /* Debug */,
				8E8DFC3A1715067B00CA85E4 /* Release */,
			);
			defaultConfigurationIsVisible = 0;
			defaultConfigurationName = Release;
		};
/* End XCConfigurationList section */

/* Begin XCVersionGroup section */
		8E8DFC2D1715067B00CA85E4 /* WhoGoesThere.xcdatamodeld */ = {
			isa = XCVersionGroup;
			children = (
				8E8DFC2E1715067B00CA85E4 /* WhoGoesThere.xcdatamodel */,
			);
			currentVersion = 8E8DFC2E1715067B00CA85E4 /* WhoGoesThere.xcdatamodel */;
			path = WhoGoesThere.xcdatamodeld;
			sourceTree = "<group>";
			versionGroupType = wrapper.xcdatamodel;
		};
/* End XCVersionGroup section */
	};
	rootObject = 8E8DFC051715067B00CA85E4 /* Project object */;
}
